
Microsoft Visual Studio Solution File, Format Version 12.00
# Visual Studio 15
VisualStudioVersion = 15.0.28307.168
MinimumVisualStudioVersion = 10.0.40219.1
Project("{9A19103F-16F7-4668-BE54-9A1E7A4F7556}") = "BankOCR", "BankOCR\BankOCR.csproj", "{C7A7033E-6B91-45F9-B95F-77DA83BCBA1B}"
EndProject
Project("{FAE04EC0-301F-11D3-BF4B-00C04F79EFBC}") = "BankOCR.UnitTests", "BankOCR.UnitTests\BankOCR.UnitTests.csproj", "{78A6813E-9139-4FAA-8135-5B918694D2E3}"
EndProject
Global
	GlobalSection(SolutionConfigurationPlatforms) = preSolution
		Debug|Any CPU = Debug|Any CPU
		Release|Any CPU = Release|Any CPU
	EndGlobalSection
	GlobalSection(ProjectConfigurationPlatforms) = postSolution
		{C7A7033E-6B91-45F9-B95F-77DA83BCBA1B}.Debug|Any CPU.ActiveCfg = Debug|Any CPU
		{C7A7033E-6B91-45F9-B95F-77DA83BCBA1B}.Debug|Any CPU.Build.0 = Debug|Any CPU
		{C7A7033E-6B91-45F9-B95F-77DA83BCBA1B}.Release|Any CPU.ActiveCfg = Release|Any CPU
		{C7A7033E-6B91-45F9-B95F-77DA83BCBA1B}.Release|Any CPU.Build.0 = Release|Any CPU
		{78A6813E-9139-4FAA-8135-5B918694D2E3}.Debug|Any CPU.ActiveCfg = Debug|Any CPU
		{78A6813E-9139-4FAA-8135-5B918694D2E3}.Debug|Any CPU.Build.0 = Debug|Any CPU
		{78A6813E-9139-4FAA-8135-5B918694D2E3}.Release|Any CPU.ActiveCfg = Release|Any CPU
		{78A6813E-9139-4FAA-8135-5B918694D2E3}.Release|Any CPU.Build.0 = Release|Any CPU
	EndGlobalSection
	GlobalSection(SolutionProperties) = preSolution
		HideSolutionNode = FALSE
	EndGlobalSection
	GlobalSection(ExtensibilityGlobals) = postSolution
		SolutionGuid = {B29F41D4-E8B4-4342-B2DA-B68A2E6A3722}
	EndGlobalSection
EndGlobal
